{
  "name": "node",
  "version": "1.0.0",
  "lockfileVersion": 1,
  "requires": true,
  "dependencies": {
    "body-parser": {
      "version": "file:../../.nvm/versions/node/v18.2.0/lib/node_modules/body-parser"
    },
    "constant": {
      "version": "file:../../.nvm/versions/node/v18.2.0/lib/node_modules/constant"
    },
    "dotenv": {
      "version": "file:../../.nvm/versions/node/v18.2.0/lib/node_modules/dotenv"
    },
    "ejs": {
      "version": "file:../../.nvm/versions/node/v18.2.0/lib/node_modules/ejs"
    },
    "http": {
      "version": "file:../../.nvm/versions/node/v18.2.0/lib/node_modules/http"
    },
    "jsonwebtoken": {
      "version": "file:../../.nvm/versions/node/v18.2.0/lib/node_modules/jsonwebtoken"
    },
    "mysql": {
      "version": "file:../../.nvm/versions/node/v18.2.0/lib/node_modules/mysql"
    },
    "node-localstorage": {
      "version": "file:../../.nvm/versions/node/v18.2.0/lib/node_modules/node-localstorage"
    },
    "path": {
      "version": "file:../../.nvm/versions/node/v18.2.0/lib/node_modules/path"
    },
    "socket.io": {
      "version": "file:../../.nvm/versions/node/v18.2.0/lib/node_modules/socket.io"
    },
    "socket.io-client": {
      "version": "file:../../.nvm/versions/node/v18.2.0/lib/node_modules/socket.io-client"
    },
    "store": {
      "version": "file:../../.nvm/versions/node/v18.2.0/lib/node_modules/store"
    },
    "url": {
      "version": "file:../../.nvm/versions/node/v18.2.0/lib/node_modules/url"
    }
  }
}
